
Microsoft Visual Studio Solution File, Format Version 12.00
# Visual Studio Version 16
VisualStudioVersion = 16.0.34114.132
MinimumVisualStudioVersion = 10.0.40219.1
Project("{FAE04EC0-301F-11D3-BF4B-00C04F79EFBC}") = "HashTable", "HashTable\HashTable.csproj", "{0CC1E42D-15A6-44E4-8C15-B9FF2177D837}"
EndProject
Global
	GlobalSection(SolutionConfigurationPlatforms) = preSolution
		Debug|Any CPU = Debug|Any CPU
		Release|Any CPU = Release|Any CPU
	EndGlobalSection
	GlobalSection(ProjectConfigurationPlatforms) = postSolution
		{0CC1E42D-15A6-44E4-8C15-B9FF2177D837}.Debug|Any CPU.ActiveCfg = Debug|Any CPU
		{0CC1E42D-15A6-44E4-8C15-B9FF2177D837}.Debug|Any CPU.Build.0 = Debug|Any CPU
		{0CC1E42D-15A6-44E4-8C15-B9FF2177D837}.Release|Any CPU.ActiveCfg = Release|Any CPU
		{0CC1E42D-15A6-44E4-8C15-B9FF2177D837}.Release|Any CPU.Build.0 = Release|Any CPU
	EndGlobalSection
	GlobalSection(SolutionProperties) = preSolution
		HideSolutionNode = FALSE
	EndGlobalSection
	GlobalSection(ExtensibilityGlobals) = postSolution
		SolutionGuid = {6D11EC88-8704-4803-8815-D8847DDAF874}
	EndGlobalSection
EndGlobal
