
Microsoft Visual Studio Solution File, Format Version 12.00
# Visual Studio Version 16
VisualStudioVersion = 16.0.34114.132
MinimumVisualStudioVersion = 10.0.40219.1
Project("{FAE04EC0-301F-11D3-BF4B-00C04F79EFBC}") = "ProductCRUD", "ProductCRUD\ProductCRUD.csproj", "{EEB26611-14F3-4A67-B9C3-9DC48DD08330}"
EndProject
Global
	GlobalSection(SolutionConfigurationPlatforms) = preSolution
		Debug|Any CPU = Debug|Any CPU
		Release|Any CPU = Release|Any CPU
	EndGlobalSection
	GlobalSection(ProjectConfigurationPlatforms) = postSolution
		{EEB26611-14F3-4A67-B9C3-9DC48DD08330}.Debug|Any CPU.ActiveCfg = Debug|Any CPU
		{EEB26611-14F3-4A67-B9C3-9DC48DD08330}.Debug|Any CPU.Build.0 = Debug|Any CPU
		{EEB26611-14F3-4A67-B9C3-9DC48DD08330}.Release|Any CPU.ActiveCfg = Release|Any CPU
		{EEB26611-14F3-4A67-B9C3-9DC48DD08330}.Release|Any CPU.Build.0 = Release|Any CPU
	EndGlobalSection
	GlobalSection(SolutionProperties) = preSolution
		HideSolutionNode = FALSE
	EndGlobalSection
	GlobalSection(ExtensibilityGlobals) = postSolution
		SolutionGuid = {5929B2F4-FC7A-4BD9-B025-3D02562D2FB7}
	EndGlobalSection
EndGlobal
