
Microsoft Visual Studio Solution File, Format Version 12.00
# Visual Studio Version 16
VisualStudioVersion = 16.0.34114.132
MinimumVisualStudioVersion = 10.0.40219.1
Project("{FAE04EC0-301F-11D3-BF4B-00C04F79EFBC}") = "Anonymous Function", "Anonymous Function\Anonymous Function.csproj", "{9CE66383-CBD6-4D57-98EF-B61AA32F78AB}"
EndProject
Project("{FAE04EC0-301F-11D3-BF4B-00C04F79EFBC}") = "Functions with internal state", "Functions with internal state\Functions with internal state.csproj", "{45075D5B-BE97-49BB-B8D6-ABD0D5B82EC2}"
EndProject
Global
	GlobalSection(SolutionConfigurationPlatforms) = preSolution
		Debug|Any CPU = Debug|Any CPU
		Release|Any CPU = Release|Any CPU
	EndGlobalSection
	GlobalSection(ProjectConfigurationPlatforms) = postSolution
		{9CE66383-CBD6-4D57-98EF-B61AA32F78AB}.Debug|Any CPU.ActiveCfg = Debug|Any CPU
		{9CE66383-CBD6-4D57-98EF-B61AA32F78AB}.Debug|Any CPU.Build.0 = Debug|Any CPU
		{9CE66383-CBD6-4D57-98EF-B61AA32F78AB}.Release|Any CPU.ActiveCfg = Release|Any CPU
		{9CE66383-CBD6-4D57-98EF-B61AA32F78AB}.Release|Any CPU.Build.0 = Release|Any CPU
		{45075D5B-BE97-49BB-B8D6-ABD0D5B82EC2}.Debug|Any CPU.ActiveCfg = Debug|Any CPU
		{45075D5B-BE97-49BB-B8D6-ABD0D5B82EC2}.Debug|Any CPU.Build.0 = Debug|Any CPU
		{45075D5B-BE97-49BB-B8D6-ABD0D5B82EC2}.Release|Any CPU.ActiveCfg = Release|Any CPU
		{45075D5B-BE97-49BB-B8D6-ABD0D5B82EC2}.Release|Any CPU.Build.0 = Release|Any CPU
	EndGlobalSection
	GlobalSection(SolutionProperties) = preSolution
		HideSolutionNode = FALSE
	EndGlobalSection
	GlobalSection(ExtensibilityGlobals) = postSolution
		SolutionGuid = {93EBD110-1E1C-4CA7-8668-2539E8C470A0}
	EndGlobalSection
EndGlobal
