
Microsoft Visual Studio Solution File, Format Version 12.00
# Visual Studio Version 16
VisualStudioVersion = 16.0.34114.132
MinimumVisualStudioVersion = 10.0.40219.1
Project("{FAE04EC0-301F-11D3-BF4B-00C04F79EFBC}") = "CRUDWITHIMG", "CRUDWITHIMG\CRUDWITHIMG.csproj", "{5D171E96-BEF5-457F-8BE3-1EEBD5C4C457}"
EndProject
Global
	GlobalSection(SolutionConfigurationPlatforms) = preSolution
		Debug|Any CPU = Debug|Any CPU
		Release|Any CPU = Release|Any CPU
	EndGlobalSection
	GlobalSection(ProjectConfigurationPlatforms) = postSolution
		{5D171E96-BEF5-457F-8BE3-1EEBD5C4C457}.Debug|Any CPU.ActiveCfg = Debug|Any CPU
		{5D171E96-BEF5-457F-8BE3-1EEBD5C4C457}.Debug|Any CPU.Build.0 = Debug|Any CPU
		{5D171E96-BEF5-457F-8BE3-1EEBD5C4C457}.Release|Any CPU.ActiveCfg = Release|Any CPU
		{5D171E96-BEF5-457F-8BE3-1EEBD5C4C457}.Release|Any CPU.Build.0 = Release|Any CPU
	EndGlobalSection
	GlobalSection(SolutionProperties) = preSolution
		HideSolutionNode = FALSE
	EndGlobalSection
	GlobalSection(ExtensibilityGlobals) = postSolution
		SolutionGuid = {52A59ABE-D541-4452-AA43-92DC9DBE7FA3}
	EndGlobalSection
EndGlobal
