
Microsoft Visual Studio Solution File, Format Version 12.00
# Visual Studio Version 16
VisualStudioVersion = 16.0.34114.132
MinimumVisualStudioVersion = 10.0.40219.1
Project("{9A19103F-16F7-4668-BE54-9A1E7A4F7556}") = "CRUDWITHEF", "RestaurantReservingAPI\CRUDWITHEF.csproj", "{1920B16D-49BB-4CBC-9FFC-EFB6F870CDED}"
EndProject
Global
	GlobalSection(SolutionConfigurationPlatforms) = preSolution
		Debug|Any CPU = Debug|Any CPU
		Release|Any CPU = Release|Any CPU
	EndGlobalSection
	GlobalSection(ProjectConfigurationPlatforms) = postSolution
		{1920B16D-49BB-4CBC-9FFC-EFB6F870CDED}.Debug|Any CPU.ActiveCfg = Debug|Any CPU
		{1920B16D-49BB-4CBC-9FFC-EFB6F870CDED}.Debug|Any CPU.Build.0 = Debug|Any CPU
		{1920B16D-49BB-4CBC-9FFC-EFB6F870CDED}.Release|Any CPU.ActiveCfg = Release|Any CPU
		{1920B16D-49BB-4CBC-9FFC-EFB6F870CDED}.Release|Any CPU.Build.0 = Release|Any CPU
	EndGlobalSection
	GlobalSection(SolutionProperties) = preSolution
		HideSolutionNode = FALSE
	EndGlobalSection
	GlobalSection(ExtensibilityGlobals) = postSolution
		SolutionGuid = {3B2E0D59-01FC-4802-98AC-3AAC5095BC98}
	EndGlobalSection
EndGlobal
