
Microsoft Visual Studio Solution File, Format Version 12.00
# Visual Studio Version 16
VisualStudioVersion = 16.0.34114.132
MinimumVisualStudioVersion = 10.0.40219.1
Project("{FAE04EC0-301F-11D3-BF4B-00C04F79EFBC}") = "abstraction by functions", "abstraction by functions\abstraction by functions.csproj", "{BD35B645-5E68-4E44-B5A4-085EB2312EF3}"
EndProject
Project("{FAE04EC0-301F-11D3-BF4B-00C04F79EFBC}") = "calculations on lists", "calculations on lists\calculations on lists.csproj", "{DACFE78F-861C-43A9-9EE2-291BA1FB3DB1}"
EndProject
Global
	GlobalSection(SolutionConfigurationPlatforms) = preSolution
		Debug|Any CPU = Debug|Any CPU
		Release|Any CPU = Release|Any CPU
	EndGlobalSection
	GlobalSection(ProjectConfigurationPlatforms) = postSolution
		{BD35B645-5E68-4E44-B5A4-085EB2312EF3}.Debug|Any CPU.ActiveCfg = Debug|Any CPU
		{BD35B645-5E68-4E44-B5A4-085EB2312EF3}.Debug|Any CPU.Build.0 = Debug|Any CPU
		{BD35B645-5E68-4E44-B5A4-085EB2312EF3}.Release|Any CPU.ActiveCfg = Release|Any CPU
		{BD35B645-5E68-4E44-B5A4-085EB2312EF3}.Release|Any CPU.Build.0 = Release|Any CPU
		{DACFE78F-861C-43A9-9EE2-291BA1FB3DB1}.Debug|Any CPU.ActiveCfg = Debug|Any CPU
		{DACFE78F-861C-43A9-9EE2-291BA1FB3DB1}.Debug|Any CPU.Build.0 = Debug|Any CPU
		{DACFE78F-861C-43A9-9EE2-291BA1FB3DB1}.Release|Any CPU.ActiveCfg = Release|Any CPU
		{DACFE78F-861C-43A9-9EE2-291BA1FB3DB1}.Release|Any CPU.Build.0 = Release|Any CPU
	EndGlobalSection
	GlobalSection(SolutionProperties) = preSolution
		HideSolutionNode = FALSE
	EndGlobalSection
	GlobalSection(ExtensibilityGlobals) = postSolution
		SolutionGuid = {A623FA40-BA70-4DFB-BF3C-F2761D68AEA8}
	EndGlobalSection
EndGlobal
